
Microsoft Visual Studio Solution File, Format Version 12.00
# Visual Studio Version 17
VisualStudioVersion = 17.8.34330.188
MinimumVisualStudioVersion = 10.0.40219.1
Project("{9A19103F-16F7-4668-BE54-9A1E7A4F7556}") = "plgtool", "plgtool\plgtool.csproj", "{94161903-55D9-410C-8E81-FB4AC3FBABE8}"
EndProject
Project("{9A19103F-16F7-4668-BE54-9A1E7A4F7556}") = "UAssetAPI", "UAssetAPI\UAssetAPI\UAssetAPI.csproj", "{178417EC-1177-413E-BE85-C83AECD64279}"
EndProject
Global
	GlobalSection(SolutionConfigurationPlatforms) = preSolution
		Debug Verbose|Any CPU = Debug Verbose|Any CPU
		Debug|Any CPU = Debug|Any CPU
		Release|Any CPU = Release|Any CPU
	EndGlobalSection
	GlobalSection(ProjectConfigurationPlatforms) = postSolution
		{94161903-55D9-410C-8E81-FB4AC3FBABE8}.Debug Verbose|Any CPU.ActiveCfg = Debug|Any CPU
		{94161903-55D9-410C-8E81-FB4AC3FBABE8}.Debug Verbose|Any CPU.Build.0 = Debug|Any CPU
		{94161903-55D9-410C-8E81-FB4AC3FBABE8}.Debug|Any CPU.ActiveCfg = Debug|Any CPU
		{94161903-55D9-410C-8E81-FB4AC3FBABE8}.Debug|Any CPU.Build.0 = Debug|Any CPU
		{94161903-55D9-410C-8E81-FB4AC3FBABE8}.Release|Any CPU.ActiveCfg = Release|Any CPU
		{94161903-55D9-410C-8E81-FB4AC3FBABE8}.Release|Any CPU.Build.0 = Release|Any CPU
		{178417EC-1177-413E-BE85-C83AECD64279}.Debug Verbose|Any CPU.ActiveCfg = Debug Verbose|Any CPU
		{178417EC-1177-413E-BE85-C83AECD64279}.Debug Verbose|Any CPU.Build.0 = Debug Verbose|Any CPU
		{178417EC-1177-413E-BE85-C83AECD64279}.Debug|Any CPU.ActiveCfg = Debug|Any CPU
		{178417EC-1177-413E-BE85-C83AECD64279}.Debug|Any CPU.Build.0 = Debug|Any CPU
		{178417EC-1177-413E-BE85-C83AECD64279}.Release|Any CPU.ActiveCfg = Release|Any CPU
		{178417EC-1177-413E-BE85-C83AECD64279}.Release|Any CPU.Build.0 = Release|Any CPU
	EndGlobalSection
	GlobalSection(SolutionProperties) = preSolution
		HideSolutionNode = FALSE
	EndGlobalSection
	GlobalSection(ExtensibilityGlobals) = postSolution
		SolutionGuid = {61385FD2-03B6-467F-A697-71CD994D2FA4}
	EndGlobalSection
EndGlobal
